// !$*UTF8*$!
{
	archiveVersion = 1;
	classes = {
	};
	objectVersion = 52;
	objects = {

/* Begin PBXBuildFile section */
		563E974E261902390063A3A8 /* MyCoinsUIComponents in Frameworks */ = {isa = PBXBuildFile; productRef = 563E974D261902390063A3A8 /* MyCoinsUIComponents */; };
		563E9753261902CB0063A3A8 /* MyCoinsUIComponents in Frameworks */ = {isa = PBXBuildFile; productRef = 563E9752261902CB0063A3A8 /* MyCoinsUIComponents */; };
		563E975A261907260063A3A8 /* MyCoinsCore in Frameworks */ = {isa = PBXBuildFile; productRef = 563E9759261907260063A3A8 /* MyCoinsCore */; };
		5647D4892626456000819595 /* capital_investment.json in Resources */ = {isa = PBXBuildFile; fileRef = 5647D4882626456000819595 /* capital_investment.json */; };
		5647D48D2626457600819595 /* LottieNames.swift in Sources */ = {isa = PBXBuildFile; fileRef = 5647D48C2626457600819595 /* LottieNames.swift */; };
		5650FE282767FBFC007F3563 /* WidgetViewModel.swift in Sources */ = {isa = PBXBuildFile; fileRef = 5650FE272767FBFC007F3563 /* WidgetViewModel.swift */; };
		56C2ADF727514E3E000C6996 /* TabBarView.swift in Sources */ = {isa = PBXBuildFile; fileRef = 56C2ADF627514E3E000C6996 /* TabBarView.swift */; };
		56C2ADFB2763F290000C6996 /* WidgetView.swift in Sources */ = {isa = PBXBuildFile; fileRef = 56C2ADFA2763F28F000C6996 /* WidgetView.swift */; };
		56C7A39926225AD9007CBA3E /* HomeView.swift in Sources */ = {isa = PBXBuildFile; fileRef = 56C7A39826225AD9007CBA3E /* HomeView.swift */; };
		56D83F9025E1970A00DE2FBB /* MyCoinsApp.swift in Sources */ = {isa = PBXBuildFile; fileRef = 56D83F8F25E1970A00DE2FBB /* MyCoinsApp.swift */; };
		56D83F9425E1970D00DE2FBB /* Assets.xcassets in Resources */ = {isa = PBXBuildFile; fileRef = 56D83F9325E1970D00DE2FBB /* Assets.xcassets */; };
		56D83F9725E1970D00DE2FBB /* Preview Assets.xcassets in Resources */ = {isa = PBXBuildFile; fileRef = 56D83F9625E1970D00DE2FBB /* Preview Assets.xcassets */; };
		56D83FA225E1970D00DE2FBB /* MyCoinsTests.swift in Sources */ = {isa = PBXBuildFile; fileRef = 56D83FA125E1970D00DE2FBB /* MyCoinsTests.swift */; };
		56D83FAD25E1970E00DE2FBB /* MyCoinsUITests.swift in Sources */ = {isa = PBXBuildFile; fileRef = 56D83FAC25E1970E00DE2FBB /* MyCoinsUITests.swift */; };
		56D8402425E19B8100DE2FBB /* WidgetKit.framework in Frameworks */ = {isa = PBXBuildFile; fileRef = 56D83FC625E1984A00DE2FBB /* WidgetKit.framework */; };
		56D8402525E19B8100DE2FBB /* SwiftUI.framework in Frameworks */ = {isa = PBXBuildFile; fileRef = 56D83FC825E1984A00DE2FBB /* SwiftUI.framework */; };
		56D8402825E19B8100DE2FBB /* MyCoinsWidget.swift in Sources */ = {isa = PBXBuildFile; fileRef = 56D8402725E19B8100DE2FBB /* MyCoinsWidget.swift */; };
		56D8402B25E19B8500DE2FBB /* Assets.xcassets in Resources */ = {isa = PBXBuildFile; fileRef = 56D8402A25E19B8500DE2FBB /* Assets.xcassets */; };
		56D8403125E19B8500DE2FBB /* MyCoinsWidgetExtension.appex in Embed App Extensions */ = {isa = PBXBuildFile; fileRef = 56D8402325E19B8100DE2FBB /* MyCoinsWidgetExtension.appex */; settings = {ATTRIBUTES = (RemoveHeadersOnCopy, ); }; };
		56E98AF82607EC6E008763E8 /* MyCoinsCore in Frameworks */ = {isa = PBXBuildFile; productRef = 56E98AF72607EC6E008763E8 /* MyCoinsCore */; };
		56EAABA6266D5BC3000E12EC /* LaunchScreenView.swift in Sources */ = {isa = PBXBuildFile; fileRef = 56EAABA5266D5BC3000E12EC /* LaunchScreenView.swift */; };
		56EAABA8266D5D30000E12EC /* LaunchScreen.storyboard in Resources */ = {isa = PBXBuildFile; fileRef = 56EAABA7266D5D30000E12EC /* LaunchScreen.storyboard */; };
		56F8E935262CC41B00BB224C /* HomeViewModel.swift in Sources */ = {isa = PBXBuildFile; fileRef = 56F8E934262CC41B00BB224C /* HomeViewModel.swift */; };
		6C16C46226420564008F0FD3 /* MyCoinsWidget.intentdefinition in Sources */ = {isa = PBXBuildFile; fileRef = 6C16C46526420564008F0FD3 /* MyCoinsWidget.intentdefinition */; };
		6C16C46326420564008F0FD3 /* MyCoinsWidget.intentdefinition in Sources */ = {isa = PBXBuildFile; fileRef = 6C16C46526420564008F0FD3 /* MyCoinsWidget.intentdefinition */; };
		6C1C3E18263F24E1001327BC /* GoogleService-Info.plist in Resources */ = {isa = PBXBuildFile; fileRef = 6C1C3E17263F24E1001327BC /* GoogleService-Info.plist */; };
		6C1C3E1A263F262E001327BC /* MyCoinsServices in Frameworks */ = {isa = PBXBuildFile; productRef = 6C1C3E19263F262E001327BC /* MyCoinsServices */; };
		6C1C3E1F263F4509001327BC /* GoogleService-Info.plist in Resources */ = {isa = PBXBuildFile; fileRef = 6C1C3E17263F24E1001327BC /* GoogleService-Info.plist */; };
		6C32FBF9263DCD8500C0ADD8 /* HomeHeaderView.swift in Sources */ = {isa = PBXBuildFile; fileRef = 6C32FBF8263DCD8500C0ADD8 /* HomeHeaderView.swift */; };
		6C32FBFB263DCEA300C0ADD8 /* HomeChartView.swift in Sources */ = {isa = PBXBuildFile; fileRef = 6C32FBFA263DCEA300C0ADD8 /* HomeChartView.swift */; };
		6C90E691263F4C7D0077941D /* MyCoinsServices in Frameworks */ = {isa = PBXBuildFile; productRef = 6C90E690263F4C7D0077941D /* MyCoinsServices */; };
		6C90E692263F53E20077941D /* MyCoinsCore in Embed Frameworks */ = {isa = PBXBuildFile; productRef = 56E98AF72607EC6E008763E8 /* MyCoinsCore */; settings = {ATTRIBUTES = (CodeSignOnCopy, ); }; };
		6C90E693263F53E30077941D /* MyCoinsUIComponents in Embed Frameworks */ = {isa = PBXBuildFile; productRef = 563E9752261902CB0063A3A8 /* MyCoinsUIComponents */; settings = {ATTRIBUTES = (CodeSignOnCopy, ); }; };
		6CBB194D263EE98F00332B5A /* AlertToast in Frameworks */ = {isa = PBXBuildFile; productRef = 6CBB194C263EE98F00332B5A /* AlertToast */; };
/* End PBXBuildFile section */

/* Begin PBXContainerItemProxy section */
		56D83F9E25E1970D00DE2FBB /* PBXContainerItemProxy */ = {
			isa = PBXContainerItemProxy;
			containerPortal = 56D83F8425E1970A00DE2FBB /* Project object */;
			proxyType = 1;
			remoteGlobalIDString = 56D83F8B25E1970A00DE2FBB;
			remoteInfo = MyCoins;
		};
		56D83FA925E1970E00DE2FBB /* PBXContainerItemProxy */ = {
			isa = PBXContainerItemProxy;
			containerPortal = 56D83F8425E1970A00DE2FBB /* Project object */;
			proxyType = 1;
			remoteGlobalIDString = 56D83F8B25E1970A00DE2FBB;
			remoteInfo = MyCoins;
		};
		56D8402F25E19B8500DE2FBB /* PBXContainerItemProxy */ = {
			isa = PBXContainerItemProxy;
			containerPortal = 56D83F8425E1970A00DE2FBB /* Project object */;
			proxyType = 1;
			remoteGlobalIDString = 56D8402225E19B8100DE2FBB;
			remoteInfo = MyCoinsWidgetExtension;
		};
/* End PBXContainerItemProxy section */

/* Begin PBXCopyFilesBuildPhase section */
		56D83FD925E1984B00DE2FBB /* Embed App Extensions */ = {
			isa = PBXCopyFilesBuildPhase;
			buildActionMask = 2147483647;
			dstPath = "";
			dstSubfolderSpec = 13;
			files = (
				56D8403125E19B8500DE2FBB /* MyCoinsWidgetExtension.appex in Embed App Extensions */,
			);
			name = "Embed App Extensions";
			runOnlyForDeploymentPostprocessing = 0;
		};
		56D8408E25E19D4200DE2FBB /* Embed Frameworks */ = {
			isa = PBXCopyFilesBuildPhase;
			buildActionMask = 2147483647;
			dstPath = "";
			dstSubfolderSpec = 10;
			files = (
				6C90E692263F53E20077941D /* MyCoinsCore in Embed Frameworks */,
				6C90E693263F53E30077941D /* MyCoinsUIComponents in Embed Frameworks */,
			);
			name = "Embed Frameworks";
			runOnlyForDeploymentPostprocessing = 0;
		};
		56D8409125E19D4C00DE2FBB /* Embed Frameworks */ = {
			isa = PBXCopyFilesBuildPhase;
			buildActionMask = 2147483647;
			dstPath = "";
			dstSubfolderSpec = 10;
			files = (
			);
			name = "Embed Frameworks";
			runOnlyForDeploymentPostprocessing = 0;
		};
/* End PBXCopyFilesBuildPhase section */

/* Begin PBXFileReference section */
		5647D4882626456000819595 /* capital_investment.json */ = {isa = PBXFileReference; fileEncoding = 4; lastKnownFileType = text.json; path = capital_investment.json; sourceTree = "<group>"; };
		5647D48C2626457600819595 /* LottieNames.swift */ = {isa = PBXFileReference; lastKnownFileType = sourcecode.swift; path = LottieNames.swift; sourceTree = "<group>"; };
		564FCECA276BFDA500C9FC66 /* MyCoins.entitlements */ = {isa = PBXFileReference; lastKnownFileType = text.plist.entitlements; path = MyCoins.entitlements; sourceTree = "<group>"; };
		564FCECB276BFECD00C9FC66 /* MyCoinsWidgetExtension.entitlements */ = {isa = PBXFileReference; lastKnownFileType = text.plist.entitlements; path = MyCoinsWidgetExtension.entitlements; sourceTree = "<group>"; };
		5650FE272767FBFC007F3563 /* WidgetViewModel.swift */ = {isa = PBXFileReference; lastKnownFileType = sourcecode.swift; path = WidgetViewModel.swift; sourceTree = "<group>"; };
		568921812607E0B200576399 /* MyCoinsCore */ = {isa = PBXFileReference; lastKnownFileType = folder; path = MyCoinsCore; sourceTree = "<group>"; };
		568921882607E0EB00576399 /* MyCoinsServices */ = {isa = PBXFileReference; lastKnownFileType = folder; path = MyCoinsServices; sourceTree = "<group>"; };
		56A982C926111BC400B139D9 /* MyCoinsUIComponents */ = {isa = PBXFileReference; lastKnownFileType = folder; path = MyCoinsUIComponents; sourceTree = "<group>"; };
		56C2ADF627514E3E000C6996 /* TabBarView.swift */ = {isa = PBXFileReference; lastKnownFileType = sourcecode.swift; path = TabBarView.swift; sourceTree = "<group>"; };
		56C2ADFA2763F28F000C6996 /* WidgetView.swift */ = {isa = PBXFileReference; lastKnownFileType = sourcecode.swift; path = WidgetView.swift; sourceTree = "<group>"; };
		56C7A39826225AD9007CBA3E /* HomeView.swift */ = {isa = PBXFileReference; lastKnownFileType = sourcecode.swift; path = HomeView.swift; sourceTree = "<group>"; };
		56D83F8C25E1970A00DE2FBB /* MyCoins.app */ = {isa = PBXFileReference; explicitFileType = wrapper.application; includeInIndex = 0; path = MyCoins.app; sourceTree = BUILT_PRODUCTS_DIR; };
		56D83F8F25E1970A00DE2FBB /* MyCoinsApp.swift */ = {isa = PBXFileReference; lastKnownFileType = sourcecode.swift; path = MyCoinsApp.swift; sourceTree = "<group>"; };
		56D83F9325E1970D00DE2FBB /* Assets.xcassets */ = {isa = PBXFileReference; lastKnownFileType = folder.assetcatalog; path = Assets.xcassets; sourceTree = "<group>"; };
		56D83F9625E1970D00DE2FBB /* Preview Assets.xcassets */ = {isa = PBXFileReference; lastKnownFileType = folder.assetcatalog; path = "Preview Assets.xcassets"; sourceTree = "<group>"; };
		56D83F9825E1970D00DE2FBB /* Info.plist */ = {isa = PBXFileReference; lastKnownFileType = text.plist.xml; path = Info.plist; sourceTree = "<group>"; };
		56D83F9D25E1970D00DE2FBB /* MyCoinsTests.xctest */ = {isa = PBXFileReference; explicitFileType = wrapper.cfbundle; includeInIndex = 0; path = MyCoinsTests.xctest; sourceTree = BUILT_PRODUCTS_DIR; };
		56D83FA125E1970D00DE2FBB /* MyCoinsTests.swift */ = {isa = PBXFileReference; lastKnownFileType = sourcecode.swift; path = MyCoinsTests.swift; sourceTree = "<group>"; };
		56D83FA325E1970D00DE2FBB /* Info.plist */ = {isa = PBXFileReference; lastKnownFileType = text.plist.xml; path = Info.plist; sourceTree = "<group>"; };
		56D83FA825E1970E00DE2FBB /* MyCoinsUITests.xctest */ = {isa = PBXFileReference; explicitFileType = wrapper.cfbundle; includeInIndex = 0; path = MyCoinsUITests.xctest; sourceTree = BUILT_PRODUCTS_DIR; };
		56D83FAC25E1970E00DE2FBB /* MyCoinsUITests.swift */ = {isa = PBXFileReference; lastKnownFileType = sourcecode.swift; path = MyCoinsUITests.swift; sourceTree = "<group>"; };
		56D83FAE25E1970E00DE2FBB /* Info.plist */ = {isa = PBXFileReference; lastKnownFileType = text.plist.xml; path = Info.plist; sourceTree = "<group>"; };
		56D83FC625E1984A00DE2FBB /* WidgetKit.framework */ = {isa = PBXFileReference; lastKnownFileType = wrapper.framework; name = WidgetKit.framework; path = System/Library/Frameworks/WidgetKit.framework; sourceTree = SDKROOT; };
		56D83FC825E1984A00DE2FBB /* SwiftUI.framework */ = {isa = PBXFileReference; lastKnownFileType = wrapper.framework; name = SwiftUI.framework; path = System/Library/Frameworks/SwiftUI.framework; sourceTree = SDKROOT; };
		56D8402325E19B8100DE2FBB /* MyCoinsWidgetExtension.appex */ = {isa = PBXFileReference; explicitFileType = "wrapper.app-extension"; includeInIndex = 0; path = MyCoinsWidgetExtension.appex; sourceTree = BUILT_PRODUCTS_DIR; };
		56D8402725E19B8100DE2FBB /* MyCoinsWidget.swift */ = {isa = PBXFileReference; lastKnownFileType = sourcecode.swift; path = MyCoinsWidget.swift; sourceTree = "<group>"; };
		56D8402A25E19B8500DE2FBB /* Assets.xcassets */ = {isa = PBXFileReference; lastKnownFileType = folder.assetcatalog; path = Assets.xcassets; sourceTree = "<group>"; };
		56D8402C25E19B8500DE2FBB /* Info.plist */ = {isa = PBXFileReference; lastKnownFileType = text.plist.xml; path = Info.plist; sourceTree = "<group>"; };
		56EAABA5266D5BC3000E12EC /* LaunchScreenView.swift */ = {isa = PBXFileReference; lastKnownFileType = sourcecode.swift; path = LaunchScreenView.swift; sourceTree = "<group>"; };
		56EAABA7266D5D30000E12EC /* LaunchScreen.storyboard */ = {isa = PBXFileReference; lastKnownFileType = file.storyboard; path = LaunchScreen.storyboard; sourceTree = "<group>"; };
		56F8E934262CC41B00BB224C /* HomeViewModel.swift */ = {isa = PBXFileReference; lastKnownFileType = sourcecode.swift; path = HomeViewModel.swift; sourceTree = "<group>"; };
		6C16C46426420564008F0FD3 /* Base */ = {isa = PBXFileReference; lastKnownFileType = file.intentdefinition; name = Base; path = Base.lproj/MyCoinsWidget.intentdefinition; sourceTree = "<group>"; };
		6C1C3E17263F24E1001327BC /* GoogleService-Info.plist */ = {isa = PBXFileReference; fileEncoding = 4; lastKnownFileType = text.plist.xml; path = "GoogleService-Info.plist"; sourceTree = "<group>"; };
		6C32FBF8263DCD8500C0ADD8 /* HomeHeaderView.swift */ = {isa = PBXFileReference; lastKnownFileType = sourcecode.swift; path = HomeHeaderView.swift; sourceTree = "<group>"; };
		6C32FBFA263DCEA300C0ADD8 /* HomeChartView.swift */ = {isa = PBXFileReference; lastKnownFileType = sourcecode.swift; path = HomeChartView.swift; sourceTree = "<group>"; };
/* End PBXFileReference section */

/* Begin PBXFrameworksBuildPhase section */
		56D83F8925E1970A00DE2FBB /* Frameworks */ = {
			isa = PBXFrameworksBuildPhase;
			buildActionMask = 2147483647;
			files = (
				6CBB194D263EE98F00332B5A /* AlertToast in Frameworks */,
				6C1C3E1A263F262E001327BC /* MyCoinsServices in Frameworks */,
				56E98AF82607EC6E008763E8 /* MyCoinsCore in Frameworks */,
				563E9753261902CB0063A3A8 /* MyCoinsUIComponents in Frameworks */,
			);
			runOnlyForDeploymentPostprocessing = 0;
		};
		56D83F9A25E1970D00DE2FBB /* Frameworks */ = {
			isa = PBXFrameworksBuildPhase;
			buildActionMask = 2147483647;
			files = (
			);
			runOnlyForDeploymentPostprocessing = 0;
		};
		56D83FA525E1970E00DE2FBB /* Frameworks */ = {
			isa = PBXFrameworksBuildPhase;
			buildActionMask = 2147483647;
			files = (
			);
			runOnlyForDeploymentPostprocessing = 0;
		};
		56D8402025E19B8100DE2FBB /* Frameworks */ = {
			isa = PBXFrameworksBuildPhase;
			buildActionMask = 2147483647;
			files = (
				6C90E691263F4C7D0077941D /* MyCoinsServices in Frameworks */,
				563E974E261902390063A3A8 /* MyCoinsUIComponents in Frameworks */,
				563E975A261907260063A3A8 /* MyCoinsCore in Frameworks */,
				56D8402525E19B8100DE2FBB /* SwiftUI.framework in Frameworks */,
				56D8402425E19B8100DE2FBB /* WidgetKit.framework in Frameworks */,
			);
			runOnlyForDeploymentPostprocessing = 0;
		};
/* End PBXFrameworksBuildPhase section */

/* Begin PBXGroup section */
		562BC2342626430D0093AAB1 /* Resources */ = {
			isa = PBXGroup;
			children = (
				562BC235262643160093AAB1 /* Lottie */,
				56D83F9325E1970D00DE2FBB /* Assets.xcassets */,
			);
			path = Resources;
			sourceTree = "<group>";
		};
		562BC235262643160093AAB1 /* Lottie */ = {
			isa = PBXGroup;
			children = (
				5647D4882626456000819595 /* capital_investment.json */,
				5647D48C2626457600819595 /* LottieNames.swift */,
			);
			path = Lottie;
			sourceTree = "<group>";
		};
		5650FE222767FBA4007F3563 /* Widget */ = {
			isa = PBXGroup;
			children = (
				5650FE262767FBE9007F3563 /* ViewModels */,
				5650FE252767FBD6007F3563 /* Views */,
			);
			path = Widget;
			sourceTree = "<group>";
		};
		5650FE232767FBB7007F3563 /* Main */ = {
			isa = PBXGroup;
			children = (
				5650FE242767FBC7007F3563 /* Views */,
			);
			path = Main;
			sourceTree = "<group>";
		};
		5650FE242767FBC7007F3563 /* Views */ = {
			isa = PBXGroup;
			children = (
				56C2ADF627514E3E000C6996 /* TabBarView.swift */,
			);
			path = Views;
			sourceTree = "<group>";
		};
		5650FE252767FBD6007F3563 /* Views */ = {
			isa = PBXGroup;
			children = (
				56C2ADFA2763F28F000C6996 /* WidgetView.swift */,
			);
			path = Views;
			sourceTree = "<group>";
		};
		5650FE262767FBE9007F3563 /* ViewModels */ = {
			isa = PBXGroup;
			children = (
				5650FE272767FBFC007F3563 /* WidgetViewModel.swift */,
			);
			path = ViewModels;
			sourceTree = "<group>";
		};
		56C7A39426225AAA007CBA3E /* Home */ = {
			isa = PBXGroup;
			children = (
				56F8E933262CC38400BB224C /* ViewModels */,
				56C7A39526225AB1007CBA3E /* Views */,
			);
			path = Home;
			sourceTree = "<group>";
		};
		56C7A39526225AB1007CBA3E /* Views */ = {
			isa = PBXGroup;
			children = (
				6C32FBF6263DCD6B00C0ADD8 /* Components */,
				56C7A39826225AD9007CBA3E /* HomeView.swift */,
			);
			path = Views;
			sourceTree = "<group>";
		};
		56D83F8325E1970A00DE2FBB = {
			isa = PBXGroup;
			children = (
				564FCECB276BFECD00C9FC66 /* MyCoinsWidgetExtension.entitlements */,
				56D83F8E25E1970A00DE2FBB /* MyCoins */,
				56D8404125E19C2400DE2FBB /* MyCoinsFrameworks */,
				56D83FA025E1970D00DE2FBB /* MyCoinsTests */,
				56D83FAB25E1970E00DE2FBB /* MyCoinsUITests */,
				56D8402625E19B8100DE2FBB /* MyCoinsWidget */,
				56D83FC525E1984A00DE2FBB /* Frameworks */,
				56D83F8D25E1970A00DE2FBB /* Products */,
			);
			sourceTree = "<group>";
		};
		56D83F8D25E1970A00DE2FBB /* Products */ = {
			isa = PBXGroup;
			children = (
				56D83F8C25E1970A00DE2FBB /* MyCoins.app */,
				56D83F9D25E1970D00DE2FBB /* MyCoinsTests.xctest */,
				56D83FA825E1970E00DE2FBB /* MyCoinsUITests.xctest */,
				56D8402325E19B8100DE2FBB /* MyCoinsWidgetExtension.appex */,
			);
			name = Products;
			sourceTree = "<group>";
		};
		56D83F8E25E1970A00DE2FBB /* MyCoins */ = {
			isa = PBXGroup;
			children = (
				564FCECA276BFDA500C9FC66 /* MyCoins.entitlements */,
				56EAABA2266D5B91000E12EC /* LaunchScreen */,
				562BC2342626430D0093AAB1 /* Resources */,
				56C7A39426225AAA007CBA3E /* Home */,
				5650FE222767FBA4007F3563 /* Widget */,
				5650FE232767FBB7007F3563 /* Main */,
				56D83F8F25E1970A00DE2FBB /* MyCoinsApp.swift */,
				56D83F9825E1970D00DE2FBB /* Info.plist */,
				6C1C3E17263F24E1001327BC /* GoogleService-Info.plist */,
				56D83F9525E1970D00DE2FBB /* Preview Content */,
			);
			path = MyCoins;
			sourceTree = "<group>";
		};
		56D83F9525E1970D00DE2FBB /* Preview Content */ = {
			isa = PBXGroup;
			children = (
				56D83F9625E1970D00DE2FBB /* Preview Assets.xcassets */,
			);
			path = "Preview Content";
			sourceTree = "<group>";
		};
		56D83FA025E1970D00DE2FBB /* MyCoinsTests */ = {
			isa = PBXGroup;
			children = (
				56D83FA125E1970D00DE2FBB /* MyCoinsTests.swift */,
				56D83FA325E1970D00DE2FBB /* Info.plist */,
			);
			path = MyCoinsTests;
			sourceTree = "<group>";
		};
		56D83FAB25E1970E00DE2FBB /* MyCoinsUITests */ = {
			isa = PBXGroup;
			children = (
				56D83FAC25E1970E00DE2FBB /* MyCoinsUITests.swift */,
				56D83FAE25E1970E00DE2FBB /* Info.plist */,
			);
			path = MyCoinsUITests;
			sourceTree = "<group>";
		};
		56D83FC525E1984A00DE2FBB /* Frameworks */ = {
			isa = PBXGroup;
			children = (
				56D83FC625E1984A00DE2FBB /* WidgetKit.framework */,
				56D83FC825E1984A00DE2FBB /* SwiftUI.framework */,
			);
			name = Frameworks;
			sourceTree = "<group>";
		};
		56D8402625E19B8100DE2FBB /* MyCoinsWidget */ = {
			isa = PBXGroup;
			children = (
				56D8402725E19B8100DE2FBB /* MyCoinsWidget.swift */,
				6C16C46526420564008F0FD3 /* MyCoinsWidget.intentdefinition */,
				56D8402A25E19B8500DE2FBB /* Assets.xcassets */,
				56D8402C25E19B8500DE2FBB /* Info.plist */,
			);
			path = MyCoinsWidget;
			sourceTree = "<group>";
		};
		56D8404125E19C2400DE2FBB /* MyCoinsFrameworks */ = {
			isa = PBXGroup;
			children = (
				56A982C926111BC400B139D9 /* MyCoinsUIComponents */,
				568921882607E0EB00576399 /* MyCoinsServices */,
				568921812607E0B200576399 /* MyCoinsCore */,
			);
			path = MyCoinsFrameworks;
			sourceTree = "<group>";
		};
		56EAABA2266D5B91000E12EC /* LaunchScreen */ = {
			isa = PBXGroup;
			children = (
				56EAABA5266D5BC3000E12EC /* LaunchScreenView.swift */,
				56EAABA7266D5D30000E12EC /* LaunchScreen.storyboard */,
			);
			path = LaunchScreen;
			sourceTree = "<group>";
		};
		56F8E933262CC38400BB224C /* ViewModels */ = {
			isa = PBXGroup;
			children = (
				56F8E934262CC41B00BB224C /* HomeViewModel.swift */,
			);
			path = ViewModels;
			sourceTree = "<group>";
		};
		6C32FBF6263DCD6B00C0ADD8 /* Components */ = {
			isa = PBXGroup;
			children = (
				6C32FBF8263DCD8500C0ADD8 /* HomeHeaderView.swift */,
				6C32FBFA263DCEA300C0ADD8 /* HomeChartView.swift */,
			);
			path = Components;
			sourceTree = "<group>";
		};
/* End PBXGroup section */

/* Begin PBXNativeTarget section */
		56D83F8B25E1970A00DE2FBB /* MyCoins */ = {
			isa = PBXNativeTarget;
			buildConfigurationList = 56D83FB125E1970E00DE2FBB /* Build configuration list for PBXNativeTarget "MyCoins" */;
			buildPhases = (
				56D83F8825E1970A00DE2FBB /* Sources */,
				56D83F8925E1970A00DE2FBB /* Frameworks */,
				56D83F8A25E1970A00DE2FBB /* Resources */,
				56D83FD925E1984B00DE2FBB /* Embed App Extensions */,
				56D8408E25E19D4200DE2FBB /* Embed Frameworks */,
			);
			buildRules = (
			);
			dependencies = (
				56D8403025E19B8500DE2FBB /* PBXTargetDependency */,
			);
			name = MyCoins;
			packageProductDependencies = (
				56E98AF72607EC6E008763E8 /* MyCoinsCore */,
				563E9752261902CB0063A3A8 /* MyCoinsUIComponents */,
				6CBB194C263EE98F00332B5A /* AlertToast */,
				6C1C3E19263F262E001327BC /* MyCoinsServices */,
			);
			productName = MyCoins;
			productReference = 56D83F8C25E1970A00DE2FBB /* MyCoins.app */;
			productType = "com.apple.product-type.application";
		};
		56D83F9C25E1970D00DE2FBB /* MyCoinsTests */ = {
			isa = PBXNativeTarget;
			buildConfigurationList = 56D83FB425E1970E00DE2FBB /* Build configuration list for PBXNativeTarget "MyCoinsTests" */;
			buildPhases = (
				56D83F9925E1970D00DE2FBB /* Sources */,
				56D83F9A25E1970D00DE2FBB /* Frameworks */,
				56D83F9B25E1970D00DE2FBB /* Resources */,
			);
			buildRules = (
			);
			dependencies = (
				56D83F9F25E1970D00DE2FBB /* PBXTargetDependency */,
			);
			name = MyCoinsTests;
			productName = MyCoinsTests;
			productReference = 56D83F9D25E1970D00DE2FBB /* MyCoinsTests.xctest */;
			productType = "com.apple.product-type.bundle.unit-test";
		};
		56D83FA725E1970E00DE2FBB /* MyCoinsUITests */ = {
			isa = PBXNativeTarget;
			buildConfigurationList = 56D83FB725E1970E00DE2FBB /* Build configuration list for PBXNativeTarget "MyCoinsUITests" */;
			buildPhases = (
				56D83FA425E1970E00DE2FBB /* Sources */,
				56D83FA525E1970E00DE2FBB /* Frameworks */,
				56D83FA625E1970E00DE2FBB /* Resources */,
			);
			buildRules = (
			);
			dependencies = (
				56D83FAA25E1970E00DE2FBB /* PBXTargetDependency */,
			);
			name = MyCoinsUITests;
			productName = MyCoinsUITests;
			productReference = 56D83FA825E1970E00DE2FBB /* MyCoinsUITests.xctest */;
			productType = "com.apple.product-type.bundle.ui-testing";
		};
		56D8402225E19B8100DE2FBB /* MyCoinsWidgetExtension */ = {
			isa = PBXNativeTarget;
			buildConfigurationList = 56D8403225E19B8500DE2FBB /* Build configuration list for PBXNativeTarget "MyCoinsWidgetExtension" */;
			buildPhases = (
				56D8401F25E19B8100DE2FBB /* Sources */,
				56D8402025E19B8100DE2FBB /* Frameworks */,
				56D8402125E19B8100DE2FBB /* Resources */,
				56D8409125E19D4C00DE2FBB /* Embed Frameworks */,
			);
			buildRules = (
			);
			dependencies = (
			);
			name = MyCoinsWidgetExtension;
			packageProductDependencies = (
				563E974D261902390063A3A8 /* MyCoinsUIComponents */,
				563E9759261907260063A3A8 /* MyCoinsCore */,
				6C90E690263F4C7D0077941D /* MyCoinsServices */,
			);
			productName = MyCoinsWidgetExtension;
			productReference = 56D8402325E19B8100DE2FBB /* MyCoinsWidgetExtension.appex */;
			productType = "com.apple.product-type.app-extension";
		};
/* End PBXNativeTarget section */

/* Begin PBXProject section */
		56D83F8425E1970A00DE2FBB /* Project object */ = {
			isa = PBXProject;
			attributes = {
				LastSwiftUpdateCheck = 1240;
				LastUpgradeCheck = 1240;
				TargetAttributes = {
					56D83F8B25E1970A00DE2FBB = {
						CreatedOnToolsVersion = 12.4;
					};
					56D83F9C25E1970D00DE2FBB = {
						CreatedOnToolsVersion = 12.4;
						TestTargetID = 56D83F8B25E1970A00DE2FBB;
					};
					56D83FA725E1970E00DE2FBB = {
						CreatedOnToolsVersion = 12.4;
						TestTargetID = 56D83F8B25E1970A00DE2FBB;
					};
					56D8402225E19B8100DE2FBB = {
						CreatedOnToolsVersion = 12.4;
					};
				};
			};
			buildConfigurationList = 56D83F8725E1970A00DE2FBB /* Build configuration list for PBXProject "MyCoins" */;
			compatibilityVersion = "Xcode 9.3";
			developmentRegion = en;
			hasScannedForEncodings = 0;
			knownRegions = (
				en,
				Base,
			);
			mainGroup = 56D83F8325E1970A00DE2FBB;
			packageReferences = (
				6CBB194B263EE98F00332B5A /* XCRemoteSwiftPackageReference "AlertToast" */,
			);
			productRefGroup = 56D83F8D25E1970A00DE2FBB /* Products */;
			projectDirPath = "";
			projectRoot = "";
			targets = (
				56D83F8B25E1970A00DE2FBB /* MyCoins */,
				56D83F9C25E1970D00DE2FBB /* MyCoinsTests */,
				56D83FA725E1970E00DE2FBB /* MyCoinsUITests */,
				56D8402225E19B8100DE2FBB /* MyCoinsWidgetExtension */,
			);
		};
/* End PBXProject section */

/* Begin PBXResourcesBuildPhase section */
		56D83F8A25E1970A00DE2FBB /* Resources */ = {
			isa = PBXResourcesBuildPhase;
			buildActionMask = 2147483647;
			files = (
				56D83F9725E1970D00DE2FBB /* Preview Assets.xcassets in Resources */,
				56D83F9425E1970D00DE2FBB /* Assets.xcassets in Resources */,
				6C1C3E18263F24E1001327BC /* GoogleService-Info.plist in Resources */,
				56EAABA8266D5D30000E12EC /* LaunchScreen.storyboard in Resources */,
				5647D4892626456000819595 /* capital_investment.json in Resources */,
			);
			runOnlyForDeploymentPostprocessing = 0;
		};
		56D83F9B25E1970D00DE2FBB /* Resources */ = {
			isa = PBXResourcesBuildPhase;
			buildActionMask = 2147483647;
			files = (
			);
			runOnlyForDeploymentPostprocessing = 0;
		};
		56D83FA625E1970E00DE2FBB /* Resources */ = {
			isa = PBXResourcesBuildPhase;
			buildActionMask = 2147483647;
			files = (
			);
			runOnlyForDeploymentPostprocessing = 0;
		};
		56D8402125E19B8100DE2FBB /* Resources */ = {
			isa = PBXResourcesBuildPhase;
			buildActionMask = 2147483647;
			files = (
				56D8402B25E19B8500DE2FBB /* Assets.xcassets in Resources */,
				6C1C3E1F263F4509001327BC /* GoogleService-Info.plist in Resources */,
			);
			runOnlyForDeploymentPostprocessing = 0;
		};
/* End PBXResourcesBuildPhase section */

/* Begin PBXSourcesBuildPhase section */
		56D83F8825E1970A00DE2FBB /* Sources */ = {
			isa = PBXSourcesBuildPhase;
			buildActionMask = 2147483647;
			files = (
				6C32FBF9263DCD8500C0ADD8 /* HomeHeaderView.swift in Sources */,
				56C2ADF727514E3E000C6996 /* TabBarView.swift in Sources */,
				56F8E935262CC41B00BB224C /* HomeViewModel.swift in Sources */,
				56C7A39926225AD9007CBA3E /* HomeView.swift in Sources */,
				56C2ADFB2763F290000C6996 /* WidgetView.swift in Sources */,
				56EAABA6266D5BC3000E12EC /* LaunchScreenView.swift in Sources */,
				5647D48D2626457600819595 /* LottieNames.swift in Sources */,
				5650FE282767FBFC007F3563 /* WidgetViewModel.swift in Sources */,
				56D83F9025E1970A00DE2FBB /* MyCoinsApp.swift in Sources */,
				6C32FBFB263DCEA300C0ADD8 /* HomeChartView.swift in Sources */,
				6C16C46226420564008F0FD3 /* MyCoinsWidget.intentdefinition in Sources */,
			);
			runOnlyForDeploymentPostprocessing = 0;
		};
		56D83F9925E1970D00DE2FBB /* Sources */ = {
			isa = PBXSourcesBuildPhase;
			buildActionMask = 2147483647;
			files = (
				56D83FA225E1970D00DE2FBB /* MyCoinsTests.swift in Sources */,
			);
			runOnlyForDeploymentPostprocessing = 0;
		};
		56D83FA425E1970E00DE2FBB /* Sources */ = {
			isa = PBXSourcesBuildPhase;
			buildActionMask = 2147483647;
			files = (
				56D83FAD25E1970E00DE2FBB /* MyCoinsUITests.swift in Sources */,
			);
			runOnlyForDeploymentPostprocessing = 0;
		};
		56D8401F25E19B8100DE2FBB /* Sources */ = {
			isa = PBXSourcesBuildPhase;
			buildActionMask = 2147483647;
			files = (
				56D8402825E19B8100DE2FBB /* MyCoinsWidget.swift in Sources */,
				6C16C46326420564008F0FD3 /* MyCoinsWidget.intentdefinition in Sources */,
			);
			runOnlyForDeploymentPostprocessing = 0;
		};
/* End PBXSourcesBuildPhase section */

/* Begin PBXTargetDependency section */
		56D83F9F25E1970D00DE2FBB /* PBXTargetDependency */ = {
			isa = PBXTargetDependency;
			target = 56D83F8B25E1970A00DE2FBB /* MyCoins */;
			targetProxy = 56D83F9E25E1970D00DE2FBB /* PBXContainerItemProxy */;
		};
		56D83FAA25E1970E00DE2FBB /* PBXTargetDependency */ = {
			isa = PBXTargetDependency;
			target = 56D83F8B25E1970A00DE2FBB /* MyCoins */;
			targetProxy = 56D83FA925E1970E00DE2FBB /* PBXContainerItemProxy */;
		};
		56D8403025E19B8500DE2FBB /* PBXTargetDependency */ = {
			isa = PBXTargetDependency;
			target = 56D8402225E19B8100DE2FBB /* MyCoinsWidgetExtension */;
			targetProxy = 56D8402F25E19B8500DE2FBB /* PBXContainerItemProxy */;
		};
/* End PBXTargetDependency section */

/* Begin PBXVariantGroup section */
		6C16C46526420564008F0FD3 /* MyCoinsWidget.intentdefinition */ = {
			isa = PBXVariantGroup;
			children = (
				6C16C46426420564008F0FD3 /* Base */,
			);
			name = MyCoinsWidget.intentdefinition;
			sourceTree = "<group>";
		};
/* End PBXVariantGroup section */

/* Begin XCBuildConfiguration section */
		56D83FAF25E1970E00DE2FBB /* Debug */ = {
			isa = XCBuildConfiguration;
			buildSettings = {
				ALWAYS_SEARCH_USER_PATHS = NO;
				CLANG_ANALYZER_NONNULL = YES;
				CLANG_ANALYZER_NUMBER_OBJECT_CONVERSION = YES_AGGRESSIVE;
				CLANG_CXX_LANGUAGE_STANDARD = "gnu++14";
				CLANG_CXX_LIBRARY = "libc++";
				CLANG_ENABLE_MODULES = YES;
				CLANG_ENABLE_OBJC_ARC = YES;
				CLANG_ENABLE_OBJC_WEAK = YES;
				CLANG_WARN_BLOCK_CAPTURE_AUTORELEASING = YES;
				CLANG_WARN_BOOL_CONVERSION = YES;
				CLANG_WARN_COMMA = YES;
				CLANG_WARN_CONSTANT_CONVERSION = YES;
				CLANG_WARN_DEPRECATED_OBJC_IMPLEMENTATIONS = YES;
				CLANG_WARN_DIRECT_OBJC_ISA_USAGE = YES_ERROR;
				CLANG_WARN_DOCUMENTATION_COMMENTS = YES;
				CLANG_WARN_EMPTY_BODY = YES;
				CLANG_WARN_ENUM_CONVERSION = YES;
				CLANG_WARN_INFINITE_RECURSION = YES;
				CLANG_WARN_INT_CONVERSION = YES;
				CLANG_WARN_NON_LITERAL_NULL_CONVERSION = YES;
				CLANG_WARN_OBJC_IMPLICIT_RETAIN_SELF = YES;
				CLANG_WARN_OBJC_LITERAL_CONVERSION = YES;
				CLANG_WARN_OBJC_ROOT_CLASS = YES_ERROR;
				CLANG_WARN_QUOTED_INCLUDE_IN_FRAMEWORK_HEADER = YES;
				CLANG_WARN_RANGE_LOOP_ANALYSIS = YES;
				CLANG_WARN_STRICT_PROTOTYPES = YES;
				CLANG_WARN_SUSPICIOUS_MOVE = YES;
				CLANG_WARN_UNGUARDED_AVAILABILITY = YES_AGGRESSIVE;
				CLANG_WARN_UNREACHABLE_CODE = YES;
				CLANG_WARN__DUPLICATE_METHOD_MATCH = YES;
				COPY_PHASE_STRIP = NO;
				DEBUG_INFORMATION_FORMAT = dwarf;
				ENABLE_STRICT_OBJC_MSGSEND = YES;
				ENABLE_TESTABILITY = YES;
				GCC_C_LANGUAGE_STANDARD = gnu11;
				GCC_DYNAMIC_NO_PIC = NO;
				GCC_NO_COMMON_BLOCKS = YES;
				GCC_OPTIMIZATION_LEVEL = 0;
				GCC_PREPROCESSOR_DEFINITIONS = (
					"DEBUG=1",
					"$(inherited)",
				);
				GCC_WARN_64_TO_32_BIT_CONVERSION = YES;
				GCC_WARN_ABOUT_RETURN_TYPE = YES_ERROR;
				GCC_WARN_UNDECLARED_SELECTOR = YES;
				GCC_WARN_UNINITIALIZED_AUTOS = YES_AGGRESSIVE;
				GCC_WARN_UNUSED_FUNCTION = YES;
				GCC_WARN_UNUSED_VARIABLE = YES;
				IPHONEOS_DEPLOYMENT_TARGET = 14.4;
				MTL_ENABLE_DEBUG_INFO = INCLUDE_SOURCE;
				MTL_FAST_MATH = YES;
				ONLY_ACTIVE_ARCH = YES;
				SDKROOT = iphoneos;
				SWIFT_ACTIVE_COMPILATION_CONDITIONS = DEBUG;
				SWIFT_OPTIMIZATION_LEVEL = "-Onone";
			};
			name = Debug;
		};
		56D83FB025E1970E00DE2FBB /* Release */ = {
			isa = XCBuildConfiguration;
			buildSettings = {
				ALWAYS_SEARCH_USER_PATHS = NO;
				CLANG_ANALYZER_NONNULL = YES;
				CLANG_ANALYZER_NUMBER_OBJECT_CONVERSION = YES_AGGRESSIVE;
				CLANG_CXX_LANGUAGE_STANDARD = "gnu++14";
				CLANG_CXX_LIBRARY = "libc++";
				CLANG_ENABLE_MODULES = YES;
				CLANG_ENABLE_OBJC_ARC = YES;
				CLANG_ENABLE_OBJC_WEAK = YES;
				CLANG_WARN_BLOCK_CAPTURE_AUTORELEASING = YES;
				CLANG_WARN_BOOL_CONVERSION = YES;
				CLANG_WARN_COMMA = YES;
				CLANG_WARN_CONSTANT_CONVERSION = YES;
				CLANG_WARN_DEPRECATED_OBJC_IMPLEMENTATIONS = YES;
				CLANG_WARN_DIRECT_OBJC_ISA_USAGE = YES_ERROR;
				CLANG_WARN_DOCUMENTATION_COMMENTS = YES;
				CLANG_WARN_EMPTY_BODY = YES;
				CLANG_WARN_ENUM_CONVERSION = YES;
				CLANG_WARN_INFINITE_RECURSION = YES;
				CLANG_WARN_INT_CONVERSION = YES;
				CLANG_WARN_NON_LITERAL_NULL_CONVERSION = YES;
				CLANG_WARN_OBJC_IMPLICIT_RETAIN_SELF = YES;
				CLANG_WARN_OBJC_LITERAL_CONVERSION = YES;
				CLANG_WARN_OBJC_ROOT_CLASS = YES_ERROR;
				CLANG_WARN_QUOTED_INCLUDE_IN_FRAMEWORK_HEADER = YES;
				CLANG_WARN_RANGE_LOOP_ANALYSIS = YES;
				CLANG_WARN_STRICT_PROTOTYPES = YES;
				CLANG_WARN_SUSPICIOUS_MOVE = YES;
				CLANG_WARN_UNGUARDED_AVAILABILITY = YES_AGGRESSIVE;
				CLANG_WARN_UNREACHABLE_CODE = YES;
				CLANG_WARN__DUPLICATE_METHOD_MATCH = YES;
				COPY_PHASE_STRIP = NO;
				DEBUG_INFORMATION_FORMAT = "dwarf-with-dsym";
				ENABLE_NS_ASSERTIONS = NO;
				ENABLE_STRICT_OBJC_MSGSEND = YES;
				GCC_C_LANGUAGE_STANDARD = gnu11;
				GCC_NO_COMMON_BLOCKS = YES;
				GCC_WARN_64_TO_32_BIT_CONVERSION = YES;
				GCC_WARN_ABOUT_RETURN_TYPE = YES_ERROR;
				GCC_WARN_UNDECLARED_SELECTOR = YES;
				GCC_WARN_UNINITIALIZED_AUTOS = YES_AGGRESSIVE;
				GCC_WARN_UNUSED_FUNCTION = YES;
				GCC_WARN_UNUSED_VARIABLE = YES;
				IPHONEOS_DEPLOYMENT_TARGET = 14.4;
				MTL_ENABLE_DEBUG_INFO = NO;
				MTL_FAST_MATH = YES;
				SDKROOT = iphoneos;
				SWIFT_COMPILATION_MODE = wholemodule;
				SWIFT_OPTIMIZATION_LEVEL = "-O";
				VALIDATE_PRODUCT = YES;
			};
			name = Release;
		};
		56D83FB225E1970E00DE2FBB /* Debug */ = {
			isa = XCBuildConfiguration;
			buildSettings = {
				ALWAYS_EMBED_SWIFT_STANDARD_LIBRARIES = YES;
				ASSETCATALOG_COMPILER_APPICON_NAME = AppIcon;
				ASSETCATALOG_COMPILER_GLOBAL_ACCENT_COLOR_NAME = AccentColor;
				CODE_SIGN_ENTITLEMENTS = MyCoins/MyCoins.entitlements;
				CODE_SIGN_STYLE = Automatic;
				CURRENT_PROJECT_VERSION = 18;
				DEVELOPMENT_ASSET_PATHS = "\"MyCoins/Preview Content\"";
				DEVELOPMENT_TEAM = H7EDV5524K;
				ENABLE_PREVIEWS = YES;
				INFOPLIST_FILE = MyCoins/Info.plist;
				IPHONEOS_DEPLOYMENT_TARGET = 14.1;
				LD_RUNPATH_SEARCH_PATHS = (
					"$(inherited)",
					"@executable_path/Frameworks",
				);
				MARKETING_VERSION = 1.2;
				PRODUCT_BUNDLE_IDENTIFIER = com.givigir.MyCoins;
				PRODUCT_NAME = "$(TARGET_NAME)";
				SWIFT_VERSION = 5.0;
				TARGETED_DEVICE_FAMILY = 1;
			};
			name = Debug;
		};
		56D83FB325E1970E00DE2FBB /* Release */ = {
			isa = XCBuildConfiguration;
			buildSettings = {
				ALWAYS_EMBED_SWIFT_STANDARD_LIBRARIES = YES;
				ASSETCATALOG_COMPILER_APPICON_NAME = AppIcon;
				ASSETCATALOG_COMPILER_GLOBAL_ACCENT_COLOR_NAME = AccentColor;
				CODE_SIGN_ENTITLEMENTS = MyCoins/MyCoins.entitlements;
				CODE_SIGN_STYLE = Automatic;
				CURRENT_PROJECT_VERSION = 18;
				DEVELOPMENT_ASSET_PATHS = "\"MyCoins/Preview Content\"";
				DEVELOPMENT_TEAM = H7EDV5524K;
				ENABLE_PREVIEWS = YES;
				INFOPLIST_FILE = MyCoins/Info.plist;
				IPHONEOS_DEPLOYMENT_TARGET = 14.1;
				LD_RUNPATH_SEARCH_PATHS = (
					"$(inherited)",
					"@executable_path/Frameworks",
				);
				MARKETING_VERSION = 1.2;
				PRODUCT_BUNDLE_IDENTIFIER = com.givigir.MyCoins;
				PRODUCT_NAME = "$(TARGET_NAME)";
				SWIFT_VERSION = 5.0;
				TARGETED_DEVICE_FAMILY = 1;
			};
			name = Release;
		};
		56D83FB525E1970E00DE2FBB /* Debug */ = {
			isa = XCBuildConfiguration;
			buildSettings = {
				ALWAYS_EMBED_SWIFT_STANDARD_LIBRARIES = YES;
				BUNDLE_LOADER = "$(TEST_HOST)";
				CODE_SIGN_STYLE = Automatic;
				DEVELOPMENT_TEAM = H7EDV5524K;
				INFOPLIST_FILE = MyCoinsTests/Info.plist;
				IPHONEOS_DEPLOYMENT_TARGET = 14.1;
				LD_RUNPATH_SEARCH_PATHS = (
					"$(inherited)",
					"@executable_path/Frameworks",
					"@loader_path/Frameworks",
				);
				PRODUCT_BUNDLE_IDENTIFIER = com.givigir.MyCoinsTests;
				PRODUCT_NAME = "$(TARGET_NAME)";
				SWIFT_VERSION = 5.0;
				TARGETED_DEVICE_FAMILY = "1,2";
				TEST_HOST = "$(BUILT_PRODUCTS_DIR)/MyCoins.app/MyCoins";
			};
			name = Debug;
		};
		56D83FB625E1970E00DE2FBB /* Release */ = {
			isa = XCBuildConfiguration;
			buildSettings = {
				ALWAYS_EMBED_SWIFT_STANDARD_LIBRARIES = YES;
				BUNDLE_LOADER = "$(TEST_HOST)";
				CODE_SIGN_STYLE = Automatic;
				DEVELOPMENT_TEAM = H7EDV5524K;
				INFOPLIST_FILE = MyCoinsTests/Info.plist;
				IPHONEOS_DEPLOYMENT_TARGET = 14.1;
				LD_RUNPATH_SEARCH_PATHS = (
					"$(inherited)",
					"@executable_path/Frameworks",
					"@loader_path/Frameworks",
				);
				PRODUCT_BUNDLE_IDENTIFIER = com.givigir.MyCoinsTests;
				PRODUCT_NAME = "$(TARGET_NAME)";
				SWIFT_VERSION = 5.0;
				TARGETED_DEVICE_FAMILY = "1,2";
				TEST_HOST = "$(BUILT_PRODUCTS_DIR)/MyCoins.app/MyCoins";
			};
			name = Release;
		};
		56D83FB825E1970E00DE2FBB /* Debug */ = {
			isa = XCBuildConfiguration;
			buildSettings = {
				ALWAYS_EMBED_SWIFT_STANDARD_LIBRARIES = YES;
				CODE_SIGN_STYLE = Automatic;
				DEVELOPMENT_TEAM = H7EDV5524K;
				INFOPLIST_FILE = MyCoinsUITests/Info.plist;
				LD_RUNPATH_SEARCH_PATHS = (
					"$(inherited)",
					"@executable_path/Frameworks",
					"@loader_path/Frameworks",
				);
				PRODUCT_BUNDLE_IDENTIFIER = com.givigir.MyCoinsUITests;
				PRODUCT_NAME = "$(TARGET_NAME)";
				SWIFT_VERSION = 5.0;
				TARGETED_DEVICE_FAMILY = "1,2";
				TEST_TARGET_NAME = MyCoins;
			};
			name = Debug;
		};
		56D83FB925E1970E00DE2FBB /* Release */ = {
			isa = XCBuildConfiguration;
			buildSettings = {
				ALWAYS_EMBED_SWIFT_STANDARD_LIBRARIES = YES;
				CODE_SIGN_STYLE = Automatic;
				DEVELOPMENT_TEAM = H7EDV5524K;
				INFOPLIST_FILE = MyCoinsUITests/Info.plist;
				LD_RUNPATH_SEARCH_PATHS = (
					"$(inherited)",
					"@executable_path/Frameworks",
					"@loader_path/Frameworks",
				);
				PRODUCT_BUNDLE_IDENTIFIER = com.givigir.MyCoinsUITests;
				PRODUCT_NAME = "$(TARGET_NAME)";
				SWIFT_VERSION = 5.0;
				TARGETED_DEVICE_FAMILY = "1,2";
				TEST_TARGET_NAME = MyCoins;
			};
			name = Release;
		};
		56D8403325E19B8500DE2FBB /* Debug */ = {
			isa = XCBuildConfiguration;
			buildSettings = {
				ASSETCATALOG_COMPILER_GLOBAL_ACCENT_COLOR_NAME = AccentColor;
				ASSETCATALOG_COMPILER_WIDGET_BACKGROUND_COLOR_NAME = WidgetBackground;
				CODE_SIGN_ENTITLEMENTS = MyCoinsWidgetExtension.entitlements;
				CODE_SIGN_STYLE = Automatic;
				CURRENT_PROJECT_VERSION = 18;
				DEVELOPMENT_TEAM = H7EDV5524K;
				INFOPLIST_FILE = MyCoinsWidget/Info.plist;
				IPHONEOS_DEPLOYMENT_TARGET = 14.1;
				LD_RUNPATH_SEARCH_PATHS = (
					"$(inherited)",
					"@executable_path/Frameworks",
					"@executable_path/../../Frameworks",
				);
				MARKETING_VERSION = 1.2;
				PRODUCT_BUNDLE_IDENTIFIER = com.givigir.MyCoins.MyCoinsWidget;
				PRODUCT_NAME = "$(TARGET_NAME)";
				SKIP_INSTALL = YES;
				SWIFT_VERSION = 5.0;
				TARGETED_DEVICE_FAMILY = 1;
			};
			name = Debug;
		};
		56D8403425E19B8500DE2FBB /* Release */ = {
			isa = XCBuildConfiguration;
			buildSettings = {
				ASSETCATALOG_COMPILER_GLOBAL_ACCENT_COLOR_NAME = AccentColor;
				ASSETCATALOG_COMPILER_WIDGET_BACKGROUND_COLOR_NAME = WidgetBackground;
				CODE_SIGN_ENTITLEMENTS = MyCoinsWidgetExtension.entitlements;
				CODE_SIGN_STYLE = Automatic;
				CURRENT_PROJECT_VERSION = 18;
				DEVELOPMENT_TEAM = H7EDV5524K;
				INFOPLIST_FILE = MyCoinsWidget/Info.plist;
				IPHONEOS_DEPLOYMENT_TARGET = 14.1;
				LD_RUNPATH_SEARCH_PATHS = (
					"$(inherited)",
					"@executable_path/Frameworks",
					"@executable_path/../../Frameworks",
				);
				MARKETING_VERSION = 1.2;
				PRODUCT_BUNDLE_IDENTIFIER = com.givigir.MyCoins.MyCoinsWidget;
				PRODUCT_NAME = "$(TARGET_NAME)";
				SKIP_INSTALL = YES;
				SWIFT_VERSION = 5.0;
				TARGETED_DEVICE_FAMILY = 1;
			};
			name = Release;
		};
/* End XCBuildConfiguration section */

/* Begin XCConfigurationList section */
		56D83F8725E1970A00DE2FBB /* Build configuration list for PBXProject "MyCoins" */ = {
			isa = XCConfigurationList;
			buildConfigurations = (
				56D83FAF25E1970E00DE2FBB /* Debug */,
				56D83FB025E1970E00DE2FBB /* Release */,
			);
			defaultConfigurationIsVisible = 0;
			defaultConfigurationName = Release;
		};
		56D83FB125E1970E00DE2FBB /* Build configuration list for PBXNativeTarget "MyCoins" */ = {
			isa = XCConfigurationList;
			buildConfigurations = (
				56D83FB225E1970E00DE2FBB /* Debug */,
				56D83FB325E1970E00DE2FBB /* Release */,
			);
			defaultConfigurationIsVisible = 0;
			defaultConfigurationName = Release;
		};
		56D83FB425E1970E00DE2FBB /* Build configuration list for PBXNativeTarget "MyCoinsTests" */ = {
			isa = XCConfigurationList;
			buildConfigurations = (
				56D83FB525E1970E00DE2FBB /* Debug */,
				56D83FB625E1970E00DE2FBB /* Release */,
			);
			defaultConfigurationIsVisible = 0;
			defaultConfigurationName = Release;
		};
		56D83FB725E1970E00DE2FBB /* Build configuration list for PBXNativeTarget "MyCoinsUITests" */ = {
			isa = XCConfigurationList;
			buildConfigurations = (
				56D83FB825E1970E00DE2FBB /* Debug */,
				56D83FB925E1970E00DE2FBB /* Release */,
			);
			defaultConfigurationIsVisible = 0;
			defaultConfigurationName = Release;
		};
		56D8403225E19B8500DE2FBB /* Build configuration list for PBXNativeTarget "MyCoinsWidgetExtension" */ = {
			isa = XCConfigurationList;
			buildConfigurations = (
				56D8403325E19B8500DE2FBB /* Debug */,
				56D8403425E19B8500DE2FBB /* Release */,
			);
			defaultConfigurationIsVisible = 0;
			defaultConfigurationName = Release;
		};
/* End XCConfigurationList section */

/* Begin XCRemoteSwiftPackageReference section */
		6CBB194B263EE98F00332B5A /* XCRemoteSwiftPackageReference "AlertToast" */ = {
			isa = XCRemoteSwiftPackageReference;
			repositoryURL = "https://github.com/elai950/AlertToast";
			requirement = {
				kind = exactVersion;
				version = 1.2.6;
			};
		};
/* End XCRemoteSwiftPackageReference section */

/* Begin XCSwiftPackageProductDependency section */
		563E974D261902390063A3A8 /* MyCoinsUIComponents */ = {
			isa = XCSwiftPackageProductDependency;
			productName = MyCoinsUIComponents;
		};
		563E9752261902CB0063A3A8 /* MyCoinsUIComponents */ = {
			isa = XCSwiftPackageProductDependency;
			productName = MyCoinsUIComponents;
		};
		563E9759261907260063A3A8 /* MyCoinsCore */ = {
			isa = XCSwiftPackageProductDependency;
			productName = MyCoinsCore;
		};
		56E98AF72607EC6E008763E8 /* MyCoinsCore */ = {
			isa = XCSwiftPackageProductDependency;
			productName = MyCoinsCore;
		};
		6C1C3E19263F262E001327BC /* MyCoinsServices */ = {
			isa = XCSwiftPackageProductDependency;
			productName = MyCoinsServices;
		};
		6C90E690263F4C7D0077941D /* MyCoinsServices */ = {
			isa = XCSwiftPackageProductDependency;
			productName = MyCoinsServices;
		};
		6CBB194C263EE98F00332B5A /* AlertToast */ = {
			isa = XCSwiftPackageProductDependency;
			package = 6CBB194B263EE98F00332B5A /* XCRemoteSwiftPackageReference "AlertToast" */;
			productName = AlertToast;
		};
/* End XCSwiftPackageProductDependency section */
	};
	rootObject = 56D83F8425E1970A00DE2FBB /* Project object */;
}
